{
  "nodes": {
    "boda-flake": {
      "inputs": {
        "flake-utils": [
          "flake-utils"
        ],
        "nixpkgs": [
          "nixpkgs"
        ]
      },
      "locked": {
        "lastModified": 1776054466,
        "narHash": "sha256-GRpKaP3fT37t/oanWPPE25LtWCOt1jr/Tfuai4+8R/U=",
        "owner": "BeLeap",
        "repo": "boda",
        "rev": "f6458f49a14b2030404d4ab44ee2df0637e982b8",
        "type": "github"
      },
      "original": {
        "owner": "BeLeap",
        "ref": "master",
        "repo": "boda",
        "type": "github"
      }
    },
    "flake-utils": {
      "inputs": {
        "systems": "systems"
      },
      "locked": {
        "lastModified": 1731533236,
        "narHash": "sha256-l0KFg5HjrsfsO/JpG+r7fRrqm12kzFHyUHqHCVpMMbI=",
        "owner": "numtide",
        "repo": "flake-utils",
        "rev": "11707dc2f618dd54ca8739b309ec4fc024de578b",
        "type": "github"
      },
      "original": {
        "owner": "numtide",
        "repo": "flake-utils",
        "type": "github"
      }
    },
    "kubectl-check-flake": {
      "inputs": {
        "flake-utils": [
          "flake-utils"
        ],
        "nixpkgs": [
          "nixpkgs"
        ]
      },
      "locked": {
        "lastModified": 1753587878,
        "narHash": "sha256-Az0g1GTNWAD5R9GBzx8A38h5/Nwfgy82SMxK06svSyM=",
        "owner": "BeLeap",
        "repo": "kubectl-check",
        "rev": "0fbe4e9c76198ad865235f471e2783a911902313",
        "type": "github"
      },
      "original": {
        "owner": "BeLeap",
        "repo": "kubectl-check",
        "type": "github"
      }
    },
    "nixpkgs": {
      "locked": {
        "lastModified": 1775710090,
        "narHash": "sha256-ar3rofg+awPB8QXDaFJhJ2jJhu+KqN/PRCXeyuXR76E=",
        "owner": "nixos",
        "repo": "nixpkgs",
        "rev": "4c1018dae018162ec878d42fec712642d214fdfa",
        "type": "github"
      },
      "original": {
        "owner": "nixos",
        "ref": "nixos-unstable",
        "repo": "nixpkgs",
        "type": "github"
      }
    },
    "root": {
      "inputs": {
        "boda-flake": "boda-flake",
        "flake-utils": "flake-utils",
        "kubectl-check-flake": "kubectl-check-flake",
        "nixpkgs": "nixpkgs"
      }
    },
    "systems": {
      "locked": {
        "lastModified": 1681028828,
        "narHash": "sha256-Vy1rq5AaRuLzOxct8nz4T6wlgyUR7zLU309k9mBC768=",
        "owner": "nix-systems",
        "repo": "default",
        "rev": "da67096a3b9bf56a91d16901293e51ba5b49a27e",
        "type": "github"
      },
      "original": {
        "owner": "nix-systems",
        "repo": "default",
        "type": "github"
      }
    }
  },
  "root": "root",
  "version": 7
}
